// !$*UTF8*$!
{
	archiveVersion = 1;
	classes = {
	};
	objectVersion = 60;
	objects = {

/* Begin PBXBuildFile section */
		A520FFBD2B55111A00BA1C40 /* firstTaskApp.swift in Sources */ = {isa = PBXBuildFile; fileRef = A520FFBC2B55111A00BA1C40 /* firstTaskApp.swift */; };
		A520FFC12B55112000BA1C40 /* Assets.xcassets in Resources */ = {isa = PBXBuildFile; fileRef = A520FFC02B55112000BA1C40 /* Assets.xcassets */; };
		A520FFC42B55112000BA1C40 /* Preview Assets.xcassets in Resources */ = {isa = PBXBuildFile; fileRef = A520FFC32B55112000BA1C40 /* Preview Assets.xcassets */; };
		A520FFCE2B55151600BA1C40 /* SunriseSunsetView.swift in Sources */ = {isa = PBXBuildFile; fileRef = A520FFCD2B55151600BA1C40 /* SunriseSunsetView.swift */; };
		A520FFD02B56795700BA1C40 /* SineWave.swift in Sources */ = {isa = PBXBuildFile; fileRef = A520FFCF2B56795700BA1C40 /* SineWave.swift */; };
		A520FFD22B5679C800BA1C40 /* AnimatableSineWave.swift in Sources */ = {isa = PBXBuildFile; fileRef = A520FFD12B5679C800BA1C40 /* AnimatableSineWave.swift */; };
		A520FFD42B567A3600BA1C40 /* SunPathAnimationModifier.swift in Sources */ = {isa = PBXBuildFile; fileRef = A520FFD32B567A3600BA1C40 /* SunPathAnimationModifier.swift */; };
		A520FFD82B567BEA00BA1C40 /* SunEventView.swift in Sources */ = {isa = PBXBuildFile; fileRef = A520FFD72B567BEA00BA1C40 /* SunEventView.swift */; };
/* End PBXBuildFile section */

/* Begin PBXFileReference section */
		A520FFB92B55111A00BA1C40 /* firstTask.app */ = {isa = PBXFileReference; explicitFileType = wrapper.application; includeInIndex = 0; path = firstTask.app; sourceTree = BUILT_PRODUCTS_DIR; };
		A520FFBC2B55111A00BA1C40 /* firstTaskApp.swift */ = {isa = PBXFileReference; lastKnownFileType = sourcecode.swift; path = firstTaskApp.swift; sourceTree = "<group>"; };
		A520FFC02B55112000BA1C40 /* Assets.xcassets */ = {isa = PBXFileReference; lastKnownFileType = folder.assetcatalog; path = Assets.xcassets; sourceTree = "<group>"; };
		A520FFC32B55112000BA1C40 /* Preview Assets.xcassets */ = {isa = PBXFileReference; lastKnownFileType = folder.assetcatalog; path = "Preview Assets.xcassets"; sourceTree = "<group>"; };
		A520FFCD2B55151600BA1C40 /* SunriseSunsetView.swift */ = {isa = PBXFileReference; lastKnownFileType = sourcecode.swift; path = SunriseSunsetView.swift; sourceTree = "<group>"; };
		A520FFCF2B56795700BA1C40 /* SineWave.swift */ = {isa = PBXFileReference; lastKnownFileType = sourcecode.swift; path = SineWave.swift; sourceTree = "<group>"; };
		A520FFD12B5679C800BA1C40 /* AnimatableSineWave.swift */ = {isa = PBXFileReference; lastKnownFileType = sourcecode.swift; path = AnimatableSineWave.swift; sourceTree = "<group>"; };
		A520FFD32B567A3600BA1C40 /* SunPathAnimationModifier.swift */ = {isa = PBXFileReference; lastKnownFileType = sourcecode.swift; path = SunPathAnimationModifier.swift; sourceTree = "<group>"; };
		A520FFD72B567BEA00BA1C40 /* SunEventView.swift */ = {isa = PBXFileReference; lastKnownFileType = sourcecode.swift; path = SunEventView.swift; sourceTree = "<group>"; };
/* End PBXFileReference section */

/* Begin PBXFrameworksBuildPhase section */
		A520FFB62B55111A00BA1C40 /* Frameworks */ = {
			isa = PBXFrameworksBuildPhase;
			buildActionMask = 2147483647;
			files = (
			);
			runOnlyForDeploymentPostprocessing = 0;
		};
/* End PBXFrameworksBuildPhase section */

/* Begin PBXGroup section */
		A520FFB02B55111A00BA1C40 = {
			isa = PBXGroup;
			children = (
				A520FFBB2B55111A00BA1C40 /* firstTask */,
				A520FFBA2B55111A00BA1C40 /* Products */,
			);
			sourceTree = "<group>";
		};
		A520FFBA2B55111A00BA1C40 /* Products */ = {
			isa = PBXGroup;
			children = (
				A520FFB92B55111A00BA1C40 /* firstTask.app */,
			);
			name = Products;
			sourceTree = "<group>";
		};
		A520FFBB2B55111A00BA1C40 /* firstTask */ = {
			isa = PBXGroup;
			children = (
				A520FFBC2B55111A00BA1C40 /* firstTaskApp.swift */,
				A520FFCA2B55133E00BA1C40 /* View */,
				A520FFD62B567BCF00BA1C40 /* Components */,
				A520FFC02B55112000BA1C40 /* Assets.xcassets */,
				A520FFC22B55112000BA1C40 /* Preview Content */,
			);
			path = firstTask;
			sourceTree = "<group>";
		};
		A520FFC22B55112000BA1C40 /* Preview Content */ = {
			isa = PBXGroup;
			children = (
				A520FFC32B55112000BA1C40 /* Preview Assets.xcassets */,
			);
			path = "Preview Content";
			sourceTree = "<group>";
		};
		A520FFCA2B55133E00BA1C40 /* View */ = {
			isa = PBXGroup;
			children = (
				A520FFCD2B55151600BA1C40 /* SunriseSunsetView.swift */,
				A520FFCF2B56795700BA1C40 /* SineWave.swift */,
				A520FFD12B5679C800BA1C40 /* AnimatableSineWave.swift */,
				A520FFD32B567A3600BA1C40 /* SunPathAnimationModifier.swift */,
			);
			path = View;
			sourceTree = "<group>";
		};
		A520FFD62B567BCF00BA1C40 /* Components */ = {
			isa = PBXGroup;
			children = (
				A520FFD72B567BEA00BA1C40 /* SunEventView.swift */,
			);
			path = Components;
			sourceTree = "<group>";
		};
/* End PBXGroup section */

/* Begin PBXNativeTarget section */
		A520FFB82B55111A00BA1C40 /* firstTask */ = {
			isa = PBXNativeTarget;
			buildConfigurationList = A520FFC72B55112000BA1C40 /* Build configuration list for PBXNativeTarget "firstTask" */;
			buildPhases = (
				A520FFB52B55111A00BA1C40 /* Sources */,
				A520FFB62B55111A00BA1C40 /* Frameworks */,
				A520FFB72B55111A00BA1C40 /* Resources */,
			);
			buildRules = (
			);
			dependencies = (
			);
			name = firstTask;
			productName = firstTask;
			productReference = A520FFB92B55111A00BA1C40 /* firstTask.app */;
			productType = "com.apple.product-type.application";
		};
/* End PBXNativeTarget section */

/* Begin PBXProject section */
		A520FFB12B55111A00BA1C40 /* Project object */ = {
			isa = PBXProject;
			attributes = {
				BuildIndependentTargetsInParallel = 1;
				LastSwiftUpdateCheck = 1500;
				LastUpgradeCheck = 1500;
				TargetAttributes = {
					A520FFB82B55111A00BA1C40 = {
						CreatedOnToolsVersion = 15.0.1;
					};
				};
			};
			buildConfigurationList = A520FFB42B55111A00BA1C40 /* Build configuration list for PBXProject "firstTask" */;
			compatibilityVersion = "Xcode 15.0";
			developmentRegion = en;
			hasScannedForEncodings = 0;
			knownRegions = (
				en,
				Base,
			);
			mainGroup = A520FFB02B55111A00BA1C40;
			productRefGroup = A520FFBA2B55111A00BA1C40 /* Products */;
			projectDirPath = "";
			projectRoot = "";
			targets = (
				A520FFB82B55111A00BA1C40 /* firstTask */,
			);
		};
/* End PBXProject section */

/* Begin PBXResourcesBuildPhase section */
		A520FFB72B55111A00BA1C40 /* Resources */ = {
			isa = PBXResourcesBuildPhase;
			buildActionMask = 2147483647;
			files = (
				A520FFC42B55112000BA1C40 /* Preview Assets.xcassets in Resources */,
				A520FFC12B55112000BA1C40 /* Assets.xcassets in Resources */,
			);
			runOnlyForDeploymentPostprocessing = 0;
		};
/* End PBXResourcesBuildPhase section */

/* Begin PBXSourcesBuildPhase section */
		A520FFB52B55111A00BA1C40 /* Sources */ = {
			isa = PBXSourcesBuildPhase;
			buildActionMask = 2147483647;
			files = (
				A520FFD02B56795700BA1C40 /* SineWave.swift in Sources */,
				A520FFD42B567A3600BA1C40 /* SunPathAnimationModifier.swift in Sources */,
				A520FFD82B567BEA00BA1C40 /* SunEventView.swift in Sources */,
				A520FFCE2B55151600BA1C40 /* SunriseSunsetView.swift in Sources */,
				A520FFBD2B55111A00BA1C40 /* firstTaskApp.swift in Sources */,
				A520FFD22B5679C800BA1C40 /* AnimatableSineWave.swift in Sources */,
			);
			runOnlyForDeploymentPostprocessing = 0;
		};
/* End PBXSourcesBuildPhase section */

/* Begin XCBuildConfiguration section */
		A520FFC52B55112000BA1C40 /* Debug */ = {
			isa = XCBuildConfiguration;
			buildSettings = {
				ALWAYS_SEARCH_USER_PATHS = NO;
				ASSETCATALOG_COMPILER_GENERATE_SWIFT_ASSET_SYMBOL_EXTENSIONS = YES;
				CLANG_ANALYZER_NONNULL = YES;
				CLANG_ANALYZER_NUMBER_OBJECT_CONVERSION = YES_AGGRESSIVE;
				CLANG_CXX_LANGUAGE_STANDARD = "gnu++20";
				CLANG_ENABLE_MODULES = YES;
				CLANG_ENABLE_OBJC_ARC = YES;
				CLANG_ENABLE_OBJC_WEAK = YES;
				CLANG_WARN_BLOCK_CAPTURE_AUTORELEASING = YES;
				CLANG_WARN_BOOL_CONVERSION = YES;
				CLANG_WARN_COMMA = YES;
				CLANG_WARN_CONSTANT_CONVERSION = YES;
				CLANG_WARN_DEPRECATED_OBJC_IMPLEMENTATIONS = YES;
				CLANG_WARN_DIRECT_OBJC_ISA_USAGE = YES_ERROR;
				CLANG_WARN_DOCUMENTATION_COMMENTS = YES;
				CLANG_WARN_EMPTY_BODY = YES;
				CLANG_WARN_ENUM_CONVERSION = YES;
				CLANG_WARN_INFINITE_RECURSION = YES;
				CLANG_WARN_INT_CONVERSION = YES;
				CLANG_WARN_NON_LITERAL_NULL_CONVERSION = YES;
				CLANG_WARN_OBJC_IMPLICIT_RETAIN_SELF = YES;
				CLANG_WARN_OBJC_LITERAL_CONVERSION = YES;
				CLANG_WARN_OBJC_ROOT_CLASS = YES_ERROR;
				CLANG_WARN_QUOTED_INCLUDE_IN_FRAMEWORK_HEADER = YES;
				CLANG_WARN_RANGE_LOOP_ANALYSIS = YES;
				CLANG_WARN_STRICT_PROTOTYPES = YES;
				CLANG_WARN_SUSPICIOUS_MOVE = YES;
				CLANG_WARN_UNGUARDED_AVAILABILITY = YES_AGGRESSIVE;
				CLANG_WARN_UNREACHABLE_CODE = YES;
				CLANG_WARN__DUPLICATE_METHOD_MATCH = YES;
				COPY_PHASE_STRIP = NO;
				DEBUG_INFORMATION_FORMAT = dwarf;
				ENABLE_STRICT_OBJC_MSGSEND = YES;
				ENABLE_TESTABILITY = YES;
				ENABLE_USER_SCRIPT_SANDBOXING = YES;
				GCC_C_LANGUAGE_STANDARD = gnu17;
				GCC_DYNAMIC_NO_PIC = NO;
				GCC_NO_COMMON_BLOCKS = YES;
				GCC_OPTIMIZATION_LEVEL = 0;
				GCC_PREPROCESSOR_DEFINITIONS = (
					"DEBUG=1",
					"$(inherited)",
				);
				GCC_WARN_64_TO_32_BIT_CONVERSION = YES;
				GCC_WARN_ABOUT_RETURN_TYPE = YES_ERROR;
				GCC_WARN_UNDECLARED_SELECTOR = YES;
				GCC_WARN_UNINITIALIZED_AUTOS = YES_AGGRESSIVE;
				GCC_WARN_UNUSED_FUNCTION = YES;
				GCC_WARN_UNUSED_VARIABLE = YES;
				IPHONEOS_DEPLOYMENT_TARGET = 17.0;
				LOCALIZATION_PREFERS_STRING_CATALOGS = YES;
				MTL_ENABLE_DEBUG_INFO = INCLUDE_SOURCE;
				MTL_FAST_MATH = YES;
				ONLY_ACTIVE_ARCH = YES;
				SDKROOT = iphoneos;
				SWIFT_ACTIVE_COMPILATION_CONDITIONS = "DEBUG $(inherited)";
				SWIFT_OPTIMIZATION_LEVEL = "-Onone";
			};
			name = Debug;
		};
		A520FFC62B55112000BA1C40 /* Release */ = {
			isa = XCBuildConfiguration;
			buildSettings = {
				ALWAYS_SEARCH_USER_PATHS = NO;
				ASSETCATALOG_COMPILER_GENERATE_SWIFT_ASSET_SYMBOL_EXTENSIONS = YES;
				CLANG_ANALYZER_NONNULL = YES;
				CLANG_ANALYZER_NUMBER_OBJECT_CONVERSION = YES_AGGRESSIVE;
				CLANG_CXX_LANGUAGE_STANDARD = "gnu++20";
				CLANG_ENABLE_MODULES = YES;
				CLANG_ENABLE_OBJC_ARC = YES;
				CLANG_ENABLE_OBJC_WEAK = YES;
				CLANG_WARN_BLOCK_CAPTURE_AUTORELEASING = YES;
				CLANG_WARN_BOOL_CONVERSION = YES;
				CLANG_WARN_COMMA = YES;
				CLANG_WARN_CONSTANT_CONVERSION = YES;
				CLANG_WARN_DEPRECATED_OBJC_IMPLEMENTATIONS = YES;
				CLANG_WARN_DIRECT_OBJC_ISA_USAGE = YES_ERROR;
				CLANG_WARN_DOCUMENTATION_COMMENTS = YES;
				CLANG_WARN_EMPTY_BODY = YES;
				CLANG_WARN_ENUM_CONVERSION = YES;
				CLANG_WARN_INFINITE_RECURSION = YES;
				CLANG_WARN_INT_CONVERSION = YES;
				CLANG_WARN_NON_LITERAL_NULL_CONVERSION = YES;
				CLANG_WARN_OBJC_IMPLICIT_RETAIN_SELF = YES;
				CLANG_WARN_OBJC_LITERAL_CONVERSION = YES;
				CLANG_WARN_OBJC_ROOT_CLASS = YES_ERROR;
				CLANG_WARN_QUOTED_INCLUDE_IN_FRAMEWORK_HEADER = YES;
				CLANG_WARN_RANGE_LOOP_ANALYSIS = YES;
				CLANG_WARN_STRICT_PROTOTYPES = YES;
				CLANG_WARN_SUSPICIOUS_MOVE = YES;
				CLANG_WARN_UNGUARDED_AVAILABILITY = YES_AGGRESSIVE;
				CLANG_WARN_UNREACHABLE_CODE = YES;
				CLANG_WARN__DUPLICATE_METHOD_MATCH = YES;
				COPY_PHASE_STRIP = NO;
				DEBUG_INFORMATION_FORMAT = "dwarf-with-dsym";
				ENABLE_NS_ASSERTIONS = NO;
				ENABLE_STRICT_OBJC_MSGSEND = YES;
				ENABLE_USER_SCRIPT_SANDBOXING = YES;
				GCC_C_LANGUAGE_STANDARD = gnu17;
				GCC_NO_COMMON_BLOCKS = YES;
				GCC_WARN_64_TO_32_BIT_CONVERSION = YES;
				GCC_WARN_ABOUT_RETURN_TYPE = YES_ERROR;
				GCC_WARN_UNDECLARED_SELECTOR = YES;
				GCC_WARN_UNINITIALIZED_AUTOS = YES_AGGRESSIVE;
				GCC_WARN_UNUSED_FUNCTION = YES;
				GCC_WARN_UNUSED_VARIABLE = YES;
				IPHONEOS_DEPLOYMENT_TARGET = 17.0;
				LOCALIZATION_PREFERS_STRING_CATALOGS = YES;
				MTL_ENABLE_DEBUG_INFO = NO;
				MTL_FAST_MATH = YES;
				SDKROOT = iphoneos;
				SWIFT_COMPILATION_MODE = wholemodule;
				VALIDATE_PRODUCT = YES;
			};
			name = Release;
		};
		A520FFC82B55112000BA1C40 /* Debug */ = {
			isa = XCBuildConfiguration;
			buildSettings = {
				ASSETCATALOG_COMPILER_APPICON_NAME = AppIcon;
				ASSETCATALOG_COMPILER_GLOBAL_ACCENT_COLOR_NAME = AccentColor;
				CODE_SIGN_STYLE = Automatic;
				CURRENT_PROJECT_VERSION = 1;
				DEVELOPMENT_ASSET_PATHS = "\"firstTask/Preview Content\"";
				DEVELOPMENT_TEAM = Y67Y4R66HB;
				ENABLE_PREVIEWS = YES;
				GENERATE_INFOPLIST_FILE = YES;
				INFOPLIST_KEY_UIApplicationSceneManifest_Generation = YES;
				INFOPLIST_KEY_UIApplicationSupportsIndirectInputEvents = YES;
				INFOPLIST_KEY_UILaunchScreen_Generation = YES;
				INFOPLIST_KEY_UISupportedInterfaceOrientations_iPad = "UIInterfaceOrientationPortrait UIInterfaceOrientationPortraitUpsideDown UIInterfaceOrientationLandscapeLeft UIInterfaceOrientationLandscapeRight";
				INFOPLIST_KEY_UISupportedInterfaceOrientations_iPhone = "UIInterfaceOrientationPortrait UIInterfaceOrientationLandscapeLeft UIInterfaceOrientationLandscapeRight";
				LD_RUNPATH_SEARCH_PATHS = (
					"$(inherited)",
					"@executable_path/Frameworks",
				);
				MARKETING_VERSION = 1.0;
				PRODUCT_BUNDLE_IDENTIFIER = com.FarzinFadavi.firstTask;
				PRODUCT_NAME = "$(TARGET_NAME)";
				SWIFT_EMIT_LOC_STRINGS = YES;
				SWIFT_VERSION = 5.0;
				TARGETED_DEVICE_FAMILY = "1,2";
			};
			name = Debug;
		};
		A520FFC92B55112000BA1C40 /* Release */ = {
			isa = XCBuildConfiguration;
			buildSettings = {
				ASSETCATALOG_COMPILER_APPICON_NAME = AppIcon;
				ASSETCATALOG_COMPILER_GLOBAL_ACCENT_COLOR_NAME = AccentColor;
				CODE_SIGN_STYLE = Automatic;
				CURRENT_PROJECT_VERSION = 1;
				DEVELOPMENT_ASSET_PATHS = "\"firstTask/Preview Content\"";
				DEVELOPMENT_TEAM = Y67Y4R66HB;
				ENABLE_PREVIEWS = YES;
				GENERATE_INFOPLIST_FILE = YES;
				INFOPLIST_KEY_UIApplicationSceneManifest_Generation = YES;
				INFOPLIST_KEY_UIApplicationSupportsIndirectInputEvents = YES;
				INFOPLIST_KEY_UILaunchScreen_Generation = YES;
				INFOPLIST_KEY_UISupportedInterfaceOrientations_iPad = "UIInterfaceOrientationPortrait UIInterfaceOrientationPortraitUpsideDown UIInterfaceOrientationLandscapeLeft UIInterfaceOrientationLandscapeRight";
				INFOPLIST_KEY_UISupportedInterfaceOrientations_iPhone = "UIInterfaceOrientationPortrait UIInterfaceOrientationLandscapeLeft UIInterfaceOrientationLandscapeRight";
				LD_RUNPATH_SEARCH_PATHS = (
					"$(inherited)",
					"@executable_path/Frameworks",
				);
				MARKETING_VERSION = 1.0;
				PRODUCT_BUNDLE_IDENTIFIER = com.FarzinFadavi.firstTask;
				PRODUCT_NAME = "$(TARGET_NAME)";
				SWIFT_EMIT_LOC_STRINGS = YES;
				SWIFT_VERSION = 5.0;
				TARGETED_DEVICE_FAMILY = "1,2";
			};
			name = Release;
		};
/* End XCBuildConfiguration section */

/* Begin XCConfigurationList section */
		A520FFB42B55111A00BA1C40 /* Build configuration list for PBXProject "firstTask" */ = {
			isa = XCConfigurationList;
			buildConfigurations = (
				A520FFC52B55112000BA1C40 /* Debug */,
				A520FFC62B55112000BA1C40 /* Release */,
			);
			defaultConfigurationIsVisible = 0;
			defaultConfigurationName = Release;
		};
		A520FFC72B55112000BA1C40 /* Build configuration list for PBXNativeTarget "firstTask" */ = {
			isa = XCConfigurationList;
			buildConfigurations = (
				A520FFC82B55112000BA1C40 /* Debug */,
				A520FFC92B55112000BA1C40 /* Release */,
			);
			defaultConfigurationIsVisible = 0;
			defaultConfigurationName = Release;
		};
/* End XCConfigurationList section */
	};
	rootObject = A520FFB12B55111A00BA1C40 /* Project object */;
}
